{
    "_readme": [
        "This file locks the dependencies of your project to a known state",
        "Read more about it at http://getcomposer.org/doc/01-basic-usage.md#composer-lock-the-lock-file",
        "This file is @generated automatically"
    ],
    "hash": "82ad1c5ba56ddacaa389a2ced3137349",
    "packages": [
        {
            "name": "ellipsesynergie/api-response",
            "version": "0.10.0",
            "source": {
                "type": "git",
                "url": "https://github.com/ellipsesynergie/api-response.git",
                "reference": "72768ab0f30ed2c9c1dfbbd79bbdf132514f6c50"
            },
            "dist": {
                "type": "zip",
                "url": "https://api.github.com/repos/ellipsesynergie/api-response/zipball/72768ab0f30ed2c9c1dfbbd79bbdf132514f6c50",
                "reference": "72768ab0f30ed2c9c1dfbbd79bbdf132514f6c50",
                "shasum": ""
            },
            "require": {
                "league/fractal": "0.12.*",
                "php": ">=5.4.0"
            },
            "require-dev": {
                "illuminate/contracts": "~5.0",
                "mockery/mockery": "~0.9",
                "phpunit/phpunit": "~4.0"
            },
            "type": "library",
            "extra": {
                "branch-alias": {
                    "dev-master": "0.11-dev"
                }
            },
            "autoload": {
                "psr-4": {
                    "EllipseSynergie\\ApiResponse\\": "src",
                    "EllipseSynergie\\ApiResponse\\Tests\\": "tests"
                }
            },
            "notification-url": "https://packagist.org/downloads/",
            "license": [
                "MIT"
            ],
            "authors": [
                {
                    "name": "Maxime Beaudoin",
                    "email": "maxime.beaudoin@ellipse-synergie.com",
                    "role": "Developer"
                },
                {
                    "name": "Phil Sturgeon",
                    "email": "email@philsturgeon.co.uk",
                    "role": "Developer"
                }
            ],
            "description": "Simple package to handle response properly in your API",
            "homepage": "https://github.com/ellipsesynergie/api-response",
            "keywords": [
                "api",
                "fractal",
                "json"
            ],
            "time": "2015-04-20 14:54:02"
        },
        {
            "name": "league/fractal",
            "version": "0.12.0",
            "source": {
                "type": "git",
                "url": "https://github.com/thephpleague/fractal.git",
                "reference": "0a51dcb6398dc2377d086210d0624996a1df8322"
            },
            "dist": {
                "type": "zip",
                "url": "https://api.github.com/repos/thephpleague/fractal/zipball/0a51dcb6398dc2377d086210d0624996a1df8322",
                "reference": "0a51dcb6398dc2377d086210d0624996a1df8322",
                "shasum": ""
            },
            "require": {
                "php": ">=5.4"
            },
            "require-dev": {
                "illuminate/contracts": "~5.0",
                "mockery/mockery": "~0.9",
                "pagerfanta/pagerfanta": "~1.0.0",
                "phpunit/phpunit": "~4.0",
                "squizlabs/php_codesniffer": "~1.5",
                "zendframework/zend-paginator": "~2.3"
            },
            "suggest": {
                "illuminate/pagination": "The Illuminate Pagination component.",
                "pagerfanta/pagerfanta": "Pagerfanta Paginator",
                "zendframework/zend-paginator": "Zend Framework Paginator"
            },
            "type": "library",
            "extra": {
                "branch-alias": {
                    "dev-master": "0.13-dev"
                }
            },
            "autoload": {
                "psr-4": {
                    "League\\Fractal\\": "src"
                }
            },
            "notification-url": "https://packagist.org/downloads/",
            "license": [
                "MIT"
            ],
            "authors": [
                {
                    "name": "Phil Sturgeon",
                    "email": "me@philsturgeon.uk",
                    "homepage": "http://philsturgeon.uk/",
                    "role": "Developer"
                }
            ],
            "description": "Handle the output of complex data structures ready for API output.",
            "homepage": "http://fractal.thephpleague.com/",
            "keywords": [
                "api",
                "json",
                "league",
                "rest"
            ],
            "time": "2015-03-19 15:16:43"
        }
    ],
    "packages-dev": [],
    "aliases": [],
    "minimum-stability": "stable",
    "stability-flags": [],
    "prefer-stable": false,
    "prefer-lowest": false,
    "platform": [],
    "platform-dev": []
}
